{
  "name": "jassub-bench",
  "version": "1.0.0",
  "lockfileVersion": 3,
  "requires": true,
  "packages": {
    "": {
      "name": "jassub-bench",
      "version": "1.0.0",
      "license": "ISC",
      "dependencies": {
        "jassub": "^2.5.5"
      },
      "devDependencies": {}
    },
    "node_modules/abslink": {
      "version": "1.2.2",
      "resolved": "https://registry.npmjs.org/abslink/-/abslink-1.2.2.tgz",
      "integrity": "sha512-HCOItvzORPjMzddCmEpbH8+W1VM3yjH+CR7DLtxlxFKX/jz5twJbm7KLfblO7eKLnXINLah8Hk2ZAJqxXeSkOg==",
      "license": "Apache-2.0"
    },
    "node_modules/jassub": {
      "version": "2.5.5",
      "resolved": "https://registry.npmjs.org/jassub/-/jassub-2.5.5.tgz",
      "integrity": "sha512-FIbx556fivbOgb5QqNlcbZhSVOEfcZoyYH8XFBKeNdAVngyhBQk3wO42ymdtsKBw6Ca/hhGbaC2iFFY6DO9GcQ==",
      "license": "LGPL-2.1-or-later AND (FTL OR GPL-2.0-or-later) AND MIT AND MIT-Modern-Variant AND ISC AND NTP AND Zlib AND BSL-1.0",
      "dependencies": {
        "abslink": "^1.2.2",
        "lfa-ponyfill": "^1.1.0",
        "rvfc-polyfill": "^1.0.8",
        "throughput": "^1.0.2"
      }
    },
    "node_modules/lfa-ponyfill": {
      "version": "1.1.0",
      "resolved": "https://registry.npmjs.org/lfa-ponyfill/-/lfa-ponyfill-1.1.0.tgz",
      "integrity": "sha512-YS3/DmyDdywWwoEu1ZacAudqkJ4q7WtKE9+bWlaSuEoVrXva7ChIJHMJYs19zyVc1H198pzqAreQU0r/+YNeew==",
      "license": "MIT"
    },
    "node_modules/rvfc-polyfill": {
      "version": "1.0.8",
      "resolved": "https://registry.npmjs.org/rvfc-polyfill/-/rvfc-polyfill-1.0.8.tgz",
      "integrity": "sha512-uA+0wwTkZ4OT8v45pfDfH+7Yq8mY6MvNngiF5Sq6VBgjJsvsfgt7Q18cyZqZjfAhW9rhkgXPX0cW0R9uw7yElA==",
      "license": "GPL-3.0"
    },
    "node_modules/throughput": {
      "version": "1.0.2",
      "resolved": "https://registry.npmjs.org/throughput/-/throughput-1.0.2.tgz",
      "integrity": "sha512-jvK1ZXuhsggjb3qYQjMiU/AVYYiTeqT5thWvYR2yuy2LGM84P5MSSyAinwHahGsdBYKR9m9HncVR/3f3nFKkxg==",
      "license": "MIT"
    }
  }
}
